// !$*UTF8*$!
{
	archiveVersion = 1;
	classes = {
	};
	objectVersion = 56;
	objects = {

/* Begin PBXBuildFile section */
		EAE879032C27C76F00A40CD8 /* demoGithubProjectApp.swift in Sources */ = {isa = PBXBuildFile; fileRef = EAE879022C27C76F00A40CD8 /* demoGithubProjectApp.swift */; };
		EAE879052C27C76F00A40CD8 /* ContentView.swift in Sources */ = {isa = PBXBuildFile; fileRef = EAE879042C27C76F00A40CD8 /* ContentView.swift */; };
		EAE879072C27C77200A40CD8 /* Assets.xcassets in Resources */ = {isa = PBXBuildFile; fileRef = EAE879062C27C77200A40CD8 /* Assets.xcassets */; };
		EAE8790A2C27C77200A40CD8 /* Preview Assets.xcassets in Resources */ = {isa = PBXBuildFile; fileRef = EAE879092C27C77200A40CD8 /* Preview Assets.xcassets */; };
		EAE879142C27C77200A40CD8 /* demoGithubProjectTests.swift in Sources */ = {isa = PBXBuildFile; fileRef = EAE879132C27C77200A40CD8 /* demoGithubProjectTests.swift */; };
		EAE8791E2C27C77200A40CD8 /* demoGithubProjectUITests.swift in Sources */ = {isa = PBXBuildFile; fileRef = EAE8791D2C27C77200A40CD8 /* demoGithubProjectUITests.swift */; };
		EAE879202C27C77200A40CD8 /* demoGithubProjectUITestsLaunchTests.swift in Sources */ = {isa = PBXBuildFile; fileRef = EAE8791F2C27C77200A40CD8 /* demoGithubProjectUITestsLaunchTests.swift */; };
/* End PBXBuildFile section */

/* Begin PBXContainerItemProxy section */
		EAE879102C27C77200A40CD8 /* PBXContainerItemProxy */ = {
			isa = PBXContainerItemProxy;
			containerPortal = EAE878F72C27C76F00A40CD8 /* Project object */;
			proxyType = 1;
			remoteGlobalIDString = EAE878FE2C27C76F00A40CD8;
			remoteInfo = demoGithubProject;
		};
		EAE8791A2C27C77200A40CD8 /* PBXContainerItemProxy */ = {
			isa = PBXContainerItemProxy;
			containerPortal = EAE878F72C27C76F00A40CD8 /* Project object */;
			proxyType = 1;
			remoteGlobalIDString = EAE878FE2C27C76F00A40CD8;
			remoteInfo = demoGithubProject;
		};
/* End PBXContainerItemProxy section */

/* Begin PBXFileReference section */
		EAE878FF2C27C76F00A40CD8 /* demoGithubProject.app */ = {isa = PBXFileReference; explicitFileType = wrapper.application; includeInIndex = 0; path = demoGithubProject.app; sourceTree = BUILT_PRODUCTS_DIR; };
		EAE879022C27C76F00A40CD8 /* demoGithubProjectApp.swift */ = {isa = PBXFileReference; lastKnownFileType = sourcecode.swift; path = demoGithubProjectApp.swift; sourceTree = "<group>"; };
		EAE879042C27C76F00A40CD8 /* ContentView.swift */ = {isa = PBXFileReference; lastKnownFileType = sourcecode.swift; path = ContentView.swift; sourceTree = "<group>"; };
		EAE879062C27C77200A40CD8 /* Assets.xcassets */ = {isa = PBXFileReference; lastKnownFileType = folder.assetcatalog; path = Assets.xcassets; sourceTree = "<group>"; };
		EAE879092C27C77200A40CD8 /* Preview Assets.xcassets */ = {isa = PBXFileReference; lastKnownFileType = folder.assetcatalog; path = "Preview Assets.xcassets"; sourceTree = "<group>"; };
		EAE8790F2C27C77200A40CD8 /* demoGithubProjectTests.xctest */ = {isa = PBXFileReference; explicitFileType = wrapper.cfbundle; includeInIndex = 0; path = demoGithubProjectTests.xctest; sourceTree = BUILT_PRODUCTS_DIR; };
		EAE879132C27C77200A40CD8 /* demoGithubProjectTests.swift */ = {isa = PBXFileReference; lastKnownFileType = sourcecode.swift; path = demoGithubProjectTests.swift; sourceTree = "<group>"; };
		EAE879192C27C77200A40CD8 /* demoGithubProjectUITests.xctest */ = {isa = PBXFileReference; explicitFileType = wrapper.cfbundle; includeInIndex = 0; path = demoGithubProjectUITests.xctest; sourceTree = BUILT_PRODUCTS_DIR; };
		EAE8791D2C27C77200A40CD8 /* demoGithubProjectUITests.swift */ = {isa = PBXFileReference; lastKnownFileType = sourcecode.swift; path = demoGithubProjectUITests.swift; sourceTree = "<group>"; };
		EAE8791F2C27C77200A40CD8 /* demoGithubProjectUITestsLaunchTests.swift */ = {isa = PBXFileReference; lastKnownFileType = sourcecode.swift; path = demoGithubProjectUITestsLaunchTests.swift; sourceTree = "<group>"; };
/* End PBXFileReference section */

/* Begin PBXFrameworksBuildPhase section */
		EAE878FC2C27C76F00A40CD8 /* Frameworks */ = {
			isa = PBXFrameworksBuildPhase;
			buildActionMask = 2147483647;
			files = (
			);
			runOnlyForDeploymentPostprocessing = 0;
		};
		EAE8790C2C27C77200A40CD8 /* Frameworks */ = {
			isa = PBXFrameworksBuildPhase;
			buildActionMask = 2147483647;
			files = (
			);
			runOnlyForDeploymentPostprocessing = 0;
		};
		EAE879162C27C77200A40CD8 /* Frameworks */ = {
			isa = PBXFrameworksBuildPhase;
			buildActionMask = 2147483647;
			files = (
			);
			runOnlyForDeploymentPostprocessing = 0;
		};
/* End PBXFrameworksBuildPhase section */

/* Begin PBXGroup section */
		EAE878F62C27C76F00A40CD8 = {
			isa = PBXGroup;
			children = (
				EAE879012C27C76F00A40CD8 /* demoGithubProject */,
				EAE879122C27C77200A40CD8 /* demoGithubProjectTests */,
				EAE8791C2C27C77200A40CD8 /* demoGithubProjectUITests */,
				EAE879002C27C76F00A40CD8 /* Products */,
			);
			sourceTree = "<group>";
		};
		EAE879002C27C76F00A40CD8 /* Products */ = {
			isa = PBXGroup;
			children = (
				EAE878FF2C27C76F00A40CD8 /* demoGithubProject.app */,
				EAE8790F2C27C77200A40CD8 /* demoGithubProjectTests.xctest */,
				EAE879192C27C77200A40CD8 /* demoGithubProjectUITests.xctest */,
			);
			name = Products;
			sourceTree = "<group>";
		};
		EAE879012C27C76F00A40CD8 /* demoGithubProject */ = {
			isa = PBXGroup;
			children = (
				EAE879022C27C76F00A40CD8 /* demoGithubProjectApp.swift */,
				EAE879042C27C76F00A40CD8 /* ContentView.swift */,
				EAE879062C27C77200A40CD8 /* Assets.xcassets */,
				EAE879082C27C77200A40CD8 /* Preview Content */,
			);
			path = demoGithubProject;
			sourceTree = "<group>";
		};
		EAE879082C27C77200A40CD8 /* Preview Content */ = {
			isa = PBXGroup;
			children = (
				EAE879092C27C77200A40CD8 /* Preview Assets.xcassets */,
			);
			path = "Preview Content";
			sourceTree = "<group>";
		};
		EAE879122C27C77200A40CD8 /* demoGithubProjectTests */ = {
			isa = PBXGroup;
			children = (
				EAE879132C27C77200A40CD8 /* demoGithubProjectTests.swift */,
			);
			path = demoGithubProjectTests;
			sourceTree = "<group>";
		};
		EAE8791C2C27C77200A40CD8 /* demoGithubProjectUITests */ = {
			isa = PBXGroup;
			children = (
				EAE8791D2C27C77200A40CD8 /* demoGithubProjectUITests.swift */,
				EAE8791F2C27C77200A40CD8 /* demoGithubProjectUITestsLaunchTests.swift */,
			);
			path = demoGithubProjectUITests;
			sourceTree = "<group>";
		};
/* End PBXGroup section */

/* Begin PBXNativeTarget section */
		EAE878FE2C27C76F00A40CD8 /* demoGithubProject */ = {
			isa = PBXNativeTarget;
			buildConfigurationList = EAE879232C27C77200A40CD8 /* Build configuration list for PBXNativeTarget "demoGithubProject" */;
			buildPhases = (
				EAE878FB2C27C76F00A40CD8 /* Sources */,
				EAE878FC2C27C76F00A40CD8 /* Frameworks */,
				EAE878FD2C27C76F00A40CD8 /* Resources */,
			);
			buildRules = (
			);
			dependencies = (
			);
			name = demoGithubProject;
			productName = demoGithubProject;
			productReference = EAE878FF2C27C76F00A40CD8 /* demoGithubProject.app */;
			productType = "com.apple.product-type.application";
		};
		EAE8790E2C27C77200A40CD8 /* demoGithubProjectTests */ = {
			isa = PBXNativeTarget;
			buildConfigurationList = EAE879262C27C77200A40CD8 /* Build configuration list for PBXNativeTarget "demoGithubProjectTests" */;
			buildPhases = (
				EAE8790B2C27C77200A40CD8 /* Sources */,
				EAE8790C2C27C77200A40CD8 /* Frameworks */,
				EAE8790D2C27C77200A40CD8 /* Resources */,
			);
			buildRules = (
			);
			dependencies = (
				EAE879112C27C77200A40CD8 /* PBXTargetDependency */,
			);
			name = demoGithubProjectTests;
			productName = demoGithubProjectTests;
			productReference = EAE8790F2C27C77200A40CD8 /* demoGithubProjectTests.xctest */;
			productType = "com.apple.product-type.bundle.unit-test";
		};
		EAE879182C27C77200A40CD8 /* demoGithubProjectUITests */ = {
			isa = PBXNativeTarget;
			buildConfigurationList = EAE879292C27C77200A40CD8 /* Build configuration list for PBXNativeTarget "demoGithubProjectUITests" */;
			buildPhases = (
				EAE879152C27C77200A40CD8 /* Sources */,
				EAE879162C27C77200A40CD8 /* Frameworks */,
				EAE879172C27C77200A40CD8 /* Resources */,
			);
			buildRules = (
			);
			dependencies = (
				EAE8791B2C27C77200A40CD8 /* PBXTargetDependency */,
			);
			name = demoGithubProjectUITests;
			productName = demoGithubProjectUITests;
			productReference = EAE879192C27C77200A40CD8 /* demoGithubProjectUITests.xctest */;
			productType = "com.apple.product-type.bundle.ui-testing";
		};
/* End PBXNativeTarget section */

/* Begin PBXProject section */
		EAE878F72C27C76F00A40CD8 /* Project object */ = {
			isa = PBXProject;
			attributes = {
				BuildIndependentTargetsInParallel = 1;
				LastSwiftUpdateCheck = 1540;
				LastUpgradeCheck = 1540;
				TargetAttributes = {
					EAE878FE2C27C76F00A40CD8 = {
						CreatedOnToolsVersion = 15.4;
					};
					EAE8790E2C27C77200A40CD8 = {
						CreatedOnToolsVersion = 15.4;
						TestTargetID = EAE878FE2C27C76F00A40CD8;
					};
					EAE879182C27C77200A40CD8 = {
						CreatedOnToolsVersion = 15.4;
						TestTargetID = EAE878FE2C27C76F00A40CD8;
					};
				};
			};
			buildConfigurationList = EAE878FA2C27C76F00A40CD8 /* Build configuration list for PBXProject "demoGithubProject" */;
			compatibilityVersion = "Xcode 14.0";
			developmentRegion = en;
			hasScannedForEncodings = 0;
			knownRegions = (
				en,
				Base,
			);
			mainGroup = EAE878F62C27C76F00A40CD8;
			productRefGroup = EAE879002C27C76F00A40CD8 /* Products */;
			projectDirPath = "";
			projectRoot = "";
			targets = (
				EAE878FE2C27C76F00A40CD8 /* demoGithubProject */,
				EAE8790E2C27C77200A40CD8 /* demoGithubProjectTests */,
				EAE879182C27C77200A40CD8 /* demoGithubProjectUITests */,
			);
		};
/* End PBXProject section */

/* Begin PBXResourcesBuildPhase section */
		EAE878FD2C27C76F00A40CD8 /* Resources */ = {
			isa = PBXResourcesBuildPhase;
			buildActionMask = 2147483647;
			files = (
				EAE8790A2C27C77200A40CD8 /* Preview Assets.xcassets in Resources */,
				EAE879072C27C77200A40CD8 /* Assets.xcassets in Resources */,
			);
			runOnlyForDeploymentPostprocessing = 0;
		};
		EAE8790D2C27C77200A40CD8 /* Resources */ = {
			isa = PBXResourcesBuildPhase;
			buildActionMask = 2147483647;
			files = (
			);
			runOnlyForDeploymentPostprocessing = 0;
		};
		EAE879172C27C77200A40CD8 /* Resources */ = {
			isa = PBXResourcesBuildPhase;
			buildActionMask = 2147483647;
			files = (
			);
			runOnlyForDeploymentPostprocessing = 0;
		};
/* End PBXResourcesBuildPhase section */

/* Begin PBXSourcesBuildPhase section */
		EAE878FB2C27C76F00A40CD8 /* Sources */ = {
			isa = PBXSourcesBuildPhase;
			buildActionMask = 2147483647;
			files = (
				EAE879052C27C76F00A40CD8 /* ContentView.swift in Sources */,
				EAE879032C27C76F00A40CD8 /* demoGithubProjectApp.swift in Sources */,
			);
			runOnlyForDeploymentPostprocessing = 0;
		};
		EAE8790B2C27C77200A40CD8 /* Sources */ = {
			isa = PBXSourcesBuildPhase;
			buildActionMask = 2147483647;
			files = (
				EAE879142C27C77200A40CD8 /* demoGithubProjectTests.swift in Sources */,
			);
			runOnlyForDeploymentPostprocessing = 0;
		};
		EAE879152C27C77200A40CD8 /* Sources */ = {
			isa = PBXSourcesBuildPhase;
			buildActionMask = 2147483647;
			files = (
				EAE879202C27C77200A40CD8 /* demoGithubProjectUITestsLaunchTests.swift in Sources */,
				EAE8791E2C27C77200A40CD8 /* demoGithubProjectUITests.swift in Sources */,
			);
			runOnlyForDeploymentPostprocessing = 0;
		};
/* End PBXSourcesBuildPhase section */

/* Begin PBXTargetDependency section */
		EAE879112C27C77200A40CD8 /* PBXTargetDependency */ = {
			isa = PBXTargetDependency;
			target = EAE878FE2C27C76F00A40CD8 /* demoGithubProject */;
			targetProxy = EAE879102C27C77200A40CD8 /* PBXContainerItemProxy */;
		};
		EAE8791B2C27C77200A40CD8 /* PBXTargetDependency */ = {
			isa = PBXTargetDependency;
			target = EAE878FE2C27C76F00A40CD8 /* demoGithubProject */;
			targetProxy = EAE8791A2C27C77200A40CD8 /* PBXContainerItemProxy */;
		};
/* End PBXTargetDependency section */

/* Begin XCBuildConfiguration section */
		EAE879212C27C77200A40CD8 /* Debug */ = {
			isa = XCBuildConfiguration;
			buildSettings = {
				ALWAYS_SEARCH_USER_PATHS = NO;
				ASSETCATALOG_COMPILER_GENERATE_SWIFT_ASSET_SYMBOL_EXTENSIONS = YES;
				CLANG_ANALYZER_NONNULL = YES;
				CLANG_ANALYZER_NUMBER_OBJECT_CONVERSION = YES_AGGRESSIVE;
				CLANG_CXX_LANGUAGE_STANDARD = "gnu++20";
				CLANG_ENABLE_MODULES = YES;
				CLANG_ENABLE_OBJC_ARC = YES;
				CLANG_ENABLE_OBJC_WEAK = YES;
				CLANG_WARN_BLOCK_CAPTURE_AUTORELEASING = YES;
				CLANG_WARN_BOOL_CONVERSION = YES;
				CLANG_WARN_COMMA = YES;
				CLANG_WARN_CONSTANT_CONVERSION = YES;
				CLANG_WARN_DEPRECATED_OBJC_IMPLEMENTATIONS = YES;
				CLANG_WARN_DIRECT_OBJC_ISA_USAGE = YES_ERROR;
				CLANG_WARN_DOCUMENTATION_COMMENTS = YES;
				CLANG_WARN_EMPTY_BODY = YES;
				CLANG_WARN_ENUM_CONVERSION = YES;
				CLANG_WARN_INFINITE_RECURSION = YES;
				CLANG_WARN_INT_CONVERSION = YES;
				CLANG_WARN_NON_LITERAL_NULL_CONVERSION = YES;
				CLANG_WARN_OBJC_IMPLICIT_RETAIN_SELF = YES;
				CLANG_WARN_OBJC_LITERAL_CONVERSION = YES;
				CLANG_WARN_OBJC_ROOT_CLASS = YES_ERROR;
				CLANG_WARN_QUOTED_INCLUDE_IN_FRAMEWORK_HEADER = YES;
				CLANG_WARN_RANGE_LOOP_ANALYSIS = YES;
				CLANG_WARN_STRICT_PROTOTYPES = YES;
				CLANG_WARN_SUSPICIOUS_MOVE = YES;
				CLANG_WARN_UNGUARDED_AVAILABILITY = YES_AGGRESSIVE;
				CLANG_WARN_UNREACHABLE_CODE = YES;
				CLANG_WARN__DUPLICATE_METHOD_MATCH = YES;
				COPY_PHASE_STRIP = NO;
				DEBUG_INFORMATION_FORMAT = dwarf;
				ENABLE_STRICT_OBJC_MSGSEND = YES;
				ENABLE_TESTABILITY = YES;
				ENABLE_USER_SCRIPT_SANDBOXING = YES;
				GCC_C_LANGUAGE_STANDARD = gnu17;
				GCC_DYNAMIC_NO_PIC = NO;
				GCC_NO_COMMON_BLOCKS = YES;
				GCC_OPTIMIZATION_LEVEL = 0;
				GCC_PREPROCESSOR_DEFINITIONS = (
					"DEBUG=1",
					"$(inherited)",
				);
				GCC_WARN_64_TO_32_BIT_CONVERSION = YES;
				GCC_WARN_ABOUT_RETURN_TYPE = YES_ERROR;
				GCC_WARN_UNDECLARED_SELECTOR = YES;
				GCC_WARN_UNINITIALIZED_AUTOS = YES_AGGRESSIVE;
				GCC_WARN_UNUSED_FUNCTION = YES;
				GCC_WARN_UNUSED_VARIABLE = YES;
				IPHONEOS_DEPLOYMENT_TARGET = 17.5;
				LOCALIZATION_PREFERS_STRING_CATALOGS = YES;
				MTL_ENABLE_DEBUG_INFO = INCLUDE_SOURCE;
				MTL_FAST_MATH = YES;
				ONLY_ACTIVE_ARCH = YES;
				SDKROOT = iphoneos;
				SWIFT_ACTIVE_COMPILATION_CONDITIONS = "DEBUG $(inherited)";
				SWIFT_OPTIMIZATION_LEVEL = "-Onone";
			};
			name = Debug;
		};
		EAE879222C27C77200A40CD8 /* Release */ = {
			isa = XCBuildConfiguration;
			buildSettings = {
				ALWAYS_SEARCH_USER_PATHS = NO;
				ASSETCATALOG_COMPILER_GENERATE_SWIFT_ASSET_SYMBOL_EXTENSIONS = YES;
				CLANG_ANALYZER_NONNULL = YES;
				CLANG_ANALYZER_NUMBER_OBJECT_CONVERSION = YES_AGGRESSIVE;
				CLANG_CXX_LANGUAGE_STANDARD = "gnu++20";
				CLANG_ENABLE_MODULES = YES;
				CLANG_ENABLE_OBJC_ARC = YES;
				CLANG_ENABLE_OBJC_WEAK = YES;
				CLANG_WARN_BLOCK_CAPTURE_AUTORELEASING = YES;
				CLANG_WARN_BOOL_CONVERSION = YES;
				CLANG_WARN_COMMA = YES;
				CLANG_WARN_CONSTANT_CONVERSION = YES;
				CLANG_WARN_DEPRECATED_OBJC_IMPLEMENTATIONS = YES;
				CLANG_WARN_DIRECT_OBJC_ISA_USAGE = YES_ERROR;
				CLANG_WARN_DOCUMENTATION_COMMENTS = YES;
				CLANG_WARN_EMPTY_BODY = YES;
				CLANG_WARN_ENUM_CONVERSION = YES;
				CLANG_WARN_INFINITE_RECURSION = YES;
				CLANG_WARN_INT_CONVERSION = YES;
				CLANG_WARN_NON_LITERAL_NULL_CONVERSION = YES;
				CLANG_WARN_OBJC_IMPLICIT_RETAIN_SELF = YES;
				CLANG_WARN_OBJC_LITERAL_CONVERSION = YES;
				CLANG_WARN_OBJC_ROOT_CLASS = YES_ERROR;
				CLANG_WARN_QUOTED_INCLUDE_IN_FRAMEWORK_HEADER = YES;
				CLANG_WARN_RANGE_LOOP_ANALYSIS = YES;
				CLANG_WARN_STRICT_PROTOTYPES = YES;
				CLANG_WARN_SUSPICIOUS_MOVE = YES;
				CLANG_WARN_UNGUARDED_AVAILABILITY = YES_AGGRESSIVE;
				CLANG_WARN_UNREACHABLE_CODE = YES;
				CLANG_WARN__DUPLICATE_METHOD_MATCH = YES;
				COPY_PHASE_STRIP = NO;
				DEBUG_INFORMATION_FORMAT = "dwarf-with-dsym";
				ENABLE_NS_ASSERTIONS = NO;
				ENABLE_STRICT_OBJC_MSGSEND = YES;
				ENABLE_USER_SCRIPT_SANDBOXING = YES;
				GCC_C_LANGUAGE_STANDARD = gnu17;
				GCC_NO_COMMON_BLOCKS = YES;
				GCC_WARN_64_TO_32_BIT_CONVERSION = YES;
				GCC_WARN_ABOUT_RETURN_TYPE = YES_ERROR;
				GCC_WARN_UNDECLARED_SELECTOR = YES;
				GCC_WARN_UNINITIALIZED_AUTOS = YES_AGGRESSIVE;
				GCC_WARN_UNUSED_FUNCTION = YES;
				GCC_WARN_UNUSED_VARIABLE = YES;
				IPHONEOS_DEPLOYMENT_TARGET = 17.5;
				LOCALIZATION_PREFERS_STRING_CATALOGS = YES;
				MTL_ENABLE_DEBUG_INFO = NO;
				MTL_FAST_MATH = YES;
				SDKROOT = iphoneos;
				SWIFT_COMPILATION_MODE = wholemodule;
				VALIDATE_PRODUCT = YES;
			};
			name = Release;
		};
		EAE879242C27C77200A40CD8 /* Debug */ = {
			isa = XCBuildConfiguration;
			buildSettings = {
				ASSETCATALOG_COMPILER_APPICON_NAME = AppIcon;
				ASSETCATALOG_COMPILER_GLOBAL_ACCENT_COLOR_NAME = AccentColor;
				CODE_SIGN_STYLE = Automatic;
				CURRENT_PROJECT_VERSION = 1;
				DEVELOPMENT_ASSET_PATHS = "\"demoGithubProject/Preview Content\"";
				ENABLE_PREVIEWS = YES;
				GENERATE_INFOPLIST_FILE = YES;
				INFOPLIST_KEY_UIApplicationSceneManifest_Generation = YES;
				INFOPLIST_KEY_UIApplicationSupportsIndirectInputEvents = YES;
				INFOPLIST_KEY_UILaunchScreen_Generation = YES;
				INFOPLIST_KEY_UISupportedInterfaceOrientations_iPad = "UIInterfaceOrientationPortrait UIInterfaceOrientationPortraitUpsideDown UIInterfaceOrientationLandscapeLeft UIInterfaceOrientationLandscapeRight";
				INFOPLIST_KEY_UISupportedInterfaceOrientations_iPhone = "UIInterfaceOrientationPortrait UIInterfaceOrientationLandscapeLeft UIInterfaceOrientationLandscapeRight";
				LD_RUNPATH_SEARCH_PATHS = (
					"$(inherited)",
					"@executable_path/Frameworks",
				);
				MARKETING_VERSION = 1.0;
				PRODUCT_BUNDLE_IDENTIFIER = com.Norawee.demoGithubProject;
				PRODUCT_NAME = "$(TARGET_NAME)";
				SWIFT_EMIT_LOC_STRINGS = YES;
				SWIFT_VERSION = 5.0;
				TARGETED_DEVICE_FAMILY = "1,2";
			};
			name = Debug;
		};
		EAE879252C27C77200A40CD8 /* Release */ = {
			isa = XCBuildConfiguration;
			buildSettings = {
				ASSETCATALOG_COMPILER_APPICON_NAME = AppIcon;
				ASSETCATALOG_COMPILER_GLOBAL_ACCENT_COLOR_NAME = AccentColor;
				CODE_SIGN_STYLE = Automatic;
				CURRENT_PROJECT_VERSION = 1;
				DEVELOPMENT_ASSET_PATHS = "\"demoGithubProject/Preview Content\"";
				ENABLE_PREVIEWS = YES;
				GENERATE_INFOPLIST_FILE = YES;
				INFOPLIST_KEY_UIApplicationSceneManifest_Generation = YES;
				INFOPLIST_KEY_UIApplicationSupportsIndirectInputEvents = YES;
				INFOPLIST_KEY_UILaunchScreen_Generation = YES;
				INFOPLIST_KEY_UISupportedInterfaceOrientations_iPad = "UIInterfaceOrientationPortrait UIInterfaceOrientationPortraitUpsideDown UIInterfaceOrientationLandscapeLeft UIInterfaceOrientationLandscapeRight";
				INFOPLIST_KEY_UISupportedInterfaceOrientations_iPhone = "UIInterfaceOrientationPortrait UIInterfaceOrientationLandscapeLeft UIInterfaceOrientationLandscapeRight";
				LD_RUNPATH_SEARCH_PATHS = (
					"$(inherited)",
					"@executable_path/Frameworks",
				);
				MARKETING_VERSION = 1.0;
				PRODUCT_BUNDLE_IDENTIFIER = com.Norawee.demoGithubProject;
				PRODUCT_NAME = "$(TARGET_NAME)";
				SWIFT_EMIT_LOC_STRINGS = YES;
				SWIFT_VERSION = 5.0;
				TARGETED_DEVICE_FAMILY = "1,2";
			};
			name = Release;
		};
		EAE879272C27C77200A40CD8 /* Debug */ = {
			isa = XCBuildConfiguration;
			buildSettings = {
				ALWAYS_EMBED_SWIFT_STANDARD_LIBRARIES = YES;
				BUNDLE_LOADER = "$(TEST_HOST)";
				CODE_SIGN_STYLE = Automatic;
				CURRENT_PROJECT_VERSION = 1;
				GENERATE_INFOPLIST_FILE = YES;
				IPHONEOS_DEPLOYMENT_TARGET = 17.5;
				MARKETING_VERSION = 1.0;
				PRODUCT_BUNDLE_IDENTIFIER = com.Norawee.demoGithubProjectTests;
				PRODUCT_NAME = "$(TARGET_NAME)";
				SWIFT_EMIT_LOC_STRINGS = NO;
				SWIFT_VERSION = 5.0;
				TARGETED_DEVICE_FAMILY = "1,2";
				TEST_HOST = "$(BUILT_PRODUCTS_DIR)/demoGithubProject.app/$(BUNDLE_EXECUTABLE_FOLDER_PATH)/demoGithubProject";
			};
			name = Debug;
		};
		EAE879282C27C77200A40CD8 /* Release */ = {
			isa = XCBuildConfiguration;
			buildSettings = {
				ALWAYS_EMBED_SWIFT_STANDARD_LIBRARIES = YES;
				BUNDLE_LOADER = "$(TEST_HOST)";
				CODE_SIGN_STYLE = Automatic;
				CURRENT_PROJECT_VERSION = 1;
				GENERATE_INFOPLIST_FILE = YES;
				IPHONEOS_DEPLOYMENT_TARGET = 17.5;
				MARKETING_VERSION = 1.0;
				PRODUCT_BUNDLE_IDENTIFIER = com.Norawee.demoGithubProjectTests;
				PRODUCT_NAME = "$(TARGET_NAME)";
				SWIFT_EMIT_LOC_STRINGS = NO;
				SWIFT_VERSION = 5.0;
				TARGETED_DEVICE_FAMILY = "1,2";
				TEST_HOST = "$(BUILT_PRODUCTS_DIR)/demoGithubProject.app/$(BUNDLE_EXECUTABLE_FOLDER_PATH)/demoGithubProject";
			};
			name = Release;
		};
		EAE8792A2C27C77200A40CD8 /* Debug */ = {
			isa = XCBuildConfiguration;
			buildSettings = {
				ALWAYS_EMBED_SWIFT_STANDARD_LIBRARIES = YES;
				CODE_SIGN_STYLE = Automatic;
				CURRENT_PROJECT_VERSION = 1;
				GENERATE_INFOPLIST_FILE = YES;
				MARKETING_VERSION = 1.0;
				PRODUCT_BUNDLE_IDENTIFIER = com.Norawee.demoGithubProjectUITests;
				PRODUCT_NAME = "$(TARGET_NAME)";
				SWIFT_EMIT_LOC_STRINGS = NO;
				SWIFT_VERSION = 5.0;
				TARGETED_DEVICE_FAMILY = "1,2";
				TEST_TARGET_NAME = demoGithubProject;
			};
			name = Debug;
		};
		EAE8792B2C27C77200A40CD8 /* Release */ = {
			isa = XCBuildConfiguration;
			buildSettings = {
				ALWAYS_EMBED_SWIFT_STANDARD_LIBRARIES = YES;
				CODE_SIGN_STYLE = Automatic;
				CURRENT_PROJECT_VERSION = 1;
				GENERATE_INFOPLIST_FILE = YES;
				MARKETING_VERSION = 1.0;
				PRODUCT_BUNDLE_IDENTIFIER = com.Norawee.demoGithubProjectUITests;
				PRODUCT_NAME = "$(TARGET_NAME)";
				SWIFT_EMIT_LOC_STRINGS = NO;
				SWIFT_VERSION = 5.0;
				TARGETED_DEVICE_FAMILY = "1,2";
				TEST_TARGET_NAME = demoGithubProject;
			};
			name = Release;
		};
/* End XCBuildConfiguration section */

/* Begin XCConfigurationList section */
		EAE878FA2C27C76F00A40CD8 /* Build configuration list for PBXProject "demoGithubProject" */ = {
			isa = XCConfigurationList;
			buildConfigurations = (
				EAE879212C27C77200A40CD8 /* Debug */,
				EAE879222C27C77200A40CD8 /* Release */,
			);
			defaultConfigurationIsVisible = 0;
			defaultConfigurationName = Release;
		};
		EAE879232C27C77200A40CD8 /* Build configuration list for PBXNativeTarget "demoGithubProject" */ = {
			isa = XCConfigurationList;
			buildConfigurations = (
				EAE879242C27C77200A40CD8 /* Debug */,
				EAE879252C27C77200A40CD8 /* Release */,
			);
			defaultConfigurationIsVisible = 0;
			defaultConfigurationName = Release;
		};
		EAE879262C27C77200A40CD8 /* Build configuration list for PBXNativeTarget "demoGithubProjectTests" */ = {
			isa = XCConfigurationList;
			buildConfigurations = (
				EAE879272C27C77200A40CD8 /* Debug */,
				EAE879282C27C77200A40CD8 /* Release */,
			);
			defaultConfigurationIsVisible = 0;
			defaultConfigurationName = Release;
		};
		EAE879292C27C77200A40CD8 /* Build configuration list for PBXNativeTarget "demoGithubProjectUITests" */ = {
			isa = XCConfigurationList;
			buildConfigurations = (
				EAE8792A2C27C77200A40CD8 /* Debug */,
				EAE8792B2C27C77200A40CD8 /* Release */,
			);
			defaultConfigurationIsVisible = 0;
			defaultConfigurationName = Release;
		};
/* End XCConfigurationList section */
	};
	rootObject = EAE878F72C27C76F00A40CD8 /* Project object */;
}
